
Microsoft Visual Studio Solution File, Format Version 12.00
# Visual Studio Version 17
VisualStudioVersion = 17.9.34622.214
MinimumVisualStudioVersion = 10.0.40219.1
Project("{FAE04EC0-301F-11D3-BF4B-00C04F79EFBC}") = "SolidPrinciples", "SolidPrinciples.csproj", "{BFE3D47F-49B9-4D7F-9197-413E18F1649D}"
EndProject
Global
	GlobalSection(SolutionConfigurationPlatforms) = preSolution
		Debug|Any CPU = Debug|Any CPU
		Release|Any CPU = Release|Any CPU
	EndGlobalSection
	GlobalSection(ProjectConfigurationPlatforms) = postSolution
		{BFE3D47F-49B9-4D7F-9197-413E18F1649D}.Debug|Any CPU.ActiveCfg = Debug|Any CPU
		{BFE3D47F-49B9-4D7F-9197-413E18F1649D}.Debug|Any CPU.Build.0 = Debug|Any CPU
		{BFE3D47F-49B9-4D7F-9197-413E18F1649D}.Release|Any CPU.ActiveCfg = Release|Any CPU
		{BFE3D47F-49B9-4D7F-9197-413E18F1649D}.Release|Any CPU.Build.0 = Release|Any CPU
	EndGlobalSection
	GlobalSection(SolutionProperties) = preSolution
		HideSolutionNode = FALSE
	EndGlobalSection
	GlobalSection(ExtensibilityGlobals) = postSolution
		SolutionGuid = {3940D205-0C25-48D8-A1F5-35AD12F98695}
	EndGlobalSection
EndGlobal
